PODS:
  - GoogleMaps/Base (2.7.0)
  - GooglePlaces (2.7.0):
    - GoogleMaps/Base (= 2.7.0)
  - MapboxMobileEvents (0.4.1)
  - MapboxSceneKit (0.1.0):
    - MapboxMobileEvents (~> 0.4)

DEPENDENCIES:
  - GooglePlaces
  - MapboxSceneKit (from `https://github.com/mapbox/mapbox-scenekit.git`)

SPEC REPOS:
  https://github.com/cocoapods/specs.git:
    - GoogleMaps
    - GooglePlaces
    - MapboxMobileEvents

EXTERNAL SOURCES:
  MapboxSceneKit:
    :git: https://github.com/mapbox/mapbox-scenekit.git

CHECKOUT OPTIONS:
  MapboxSceneKit:
    :commit: 197adf3d90df52d20f58cc14e54745b202000ec1
    :git: https://github.com/mapbox/mapbox-scenekit.git

SPEC CHECKSUMS:
  GoogleMaps: f79af95cb24d869457b1f961c93d3ce8b2f3b848
  GooglePlaces: 3d06e6c99654545b4738ce49648745779c25f2ef
  MapboxMobileEvents: c198687e2ce67b1a98bd504c260aef35ace78ae2
  MapboxSceneKit: eb0cd897d1fee10dbc4d7be67d537bd777ad34aa

PODFILE CHECKSUM: 67732c2687b695fb2ed488f64a1b3cef91165118

COCOAPODS: 1.5.3
